
Microsoft Visual Studio Solution File, Format Version 12.00
# Visual Studio Version 17
VisualStudioVersion = 17.10.35027.167
MinimumVisualStudioVersion = 10.0.40219.1
Project("{FAE04EC0-301F-11D3-BF4B-00C04F79EFBC}") = "ChartsExampleServer", "ChartsExampleServer.csproj", "{1E84C33C-E26C-4EB0-AE7C-AEE2EE9F24F7}"
EndProject
Global
	GlobalSection(SolutionConfigurationPlatforms) = preSolution
		Debug|Any CPU = Debug|Any CPU
		Release|Any CPU = Release|Any CPU
	EndGlobalSection
	GlobalSection(ProjectConfigurationPlatforms) = postSolution
		{1E84C33C-E26C-4EB0-AE7C-AEE2EE9F24F7}.Debug|Any CPU.ActiveCfg = Debug|Any CPU
		{1E84C33C-E26C-4EB0-AE7C-AEE2EE9F24F7}.Debug|Any CPU.Build.0 = Debug|Any CPU
		{1E84C33C-E26C-4EB0-AE7C-AEE2EE9F24F7}.Release|Any CPU.ActiveCfg = Release|Any CPU
		{1E84C33C-E26C-4EB0-AE7C-AEE2EE9F24F7}.Release|Any CPU.Build.0 = Release|Any CPU
	EndGlobalSection
	GlobalSection(SolutionProperties) = preSolution
		HideSolutionNode = FALSE
	EndGlobalSection
	GlobalSection(ExtensibilityGlobals) = postSolution
		SolutionGuid = {93C6C631-9EF2-4BFE-B52E-97D12D21A146}
	EndGlobalSection
EndGlobal
